// !$*UTF8*$!
{
	archiveVersion = 1;
	classes = {
	};
	objectVersion = 56;
	objects = {

/* Begin PBXBuildFile section */
		2995D8A92B852E5D0081A242 /* WeatherButton.swift in Sources */ = {isa = PBXBuildFile; fileRef = 2995D8A82B852E5D0081A242 /* WeatherButton.swift */; };
		29E01BBF2B8210E2003EDEB8 /* SwiftUI_weatherApp.swift in Sources */ = {isa = PBXBuildFile; fileRef = 29E01BBE2B8210E2003EDEB8 /* SwiftUI_weatherApp.swift */; };
		29E01BC12B8210E2003EDEB8 /* ContentView.swift in Sources */ = {isa = PBXBuildFile; fileRef = 29E01BC02B8210E2003EDEB8 /* ContentView.swift */; };
		29E01BC32B8210E6003EDEB8 /* Assets.xcassets in Resources */ = {isa = PBXBuildFile; fileRef = 29E01BC22B8210E6003EDEB8 /* Assets.xcassets */; };
		29E01BC62B8210E6003EDEB8 /* Preview Assets.xcassets in Resources */ = {isa = PBXBuildFile; fileRef = 29E01BC52B8210E6003EDEB8 /* Preview Assets.xcassets */; };
		29E01BD02B8210E6003EDEB8 /* SwiftUI_weatherTests.swift in Sources */ = {isa = PBXBuildFile; fileRef = 29E01BCF2B8210E6003EDEB8 /* SwiftUI_weatherTests.swift */; };
		29E01BDA2B8210E6003EDEB8 /* SwiftUI_weatherUITests.swift in Sources */ = {isa = PBXBuildFile; fileRef = 29E01BD92B8210E6003EDEB8 /* SwiftUI_weatherUITests.swift */; };
		29E01BDC2B8210E6003EDEB8 /* SwiftUI_weatherUITestsLaunchTests.swift in Sources */ = {isa = PBXBuildFile; fileRef = 29E01BDB2B8210E6003EDEB8 /* SwiftUI_weatherUITestsLaunchTests.swift */; };
/* End PBXBuildFile section */

/* Begin PBXContainerItemProxy section */
		29E01BCC2B8210E6003EDEB8 /* PBXContainerItemProxy */ = {
			isa = PBXContainerItemProxy;
			containerPortal = 29E01BB32B8210E1003EDEB8 /* Project object */;
			proxyType = 1;
			remoteGlobalIDString = 29E01BBA2B8210E2003EDEB8;
			remoteInfo = "SwiftUI-weather";
		};
		29E01BD62B8210E6003EDEB8 /* PBXContainerItemProxy */ = {
			isa = PBXContainerItemProxy;
			containerPortal = 29E01BB32B8210E1003EDEB8 /* Project object */;
			proxyType = 1;
			remoteGlobalIDString = 29E01BBA2B8210E2003EDEB8;
			remoteInfo = "SwiftUI-weather";
		};
/* End PBXContainerItemProxy section */

/* Begin PBXFileReference section */
		2995D8A82B852E5D0081A242 /* WeatherButton.swift */ = {isa = PBXFileReference; lastKnownFileType = sourcecode.swift; path = WeatherButton.swift; sourceTree = "<group>"; };
		29E01BBB2B8210E2003EDEB8 /* SwiftUI-weather.app */ = {isa = PBXFileReference; explicitFileType = wrapper.application; includeInIndex = 0; path = "SwiftUI-weather.app"; sourceTree = BUILT_PRODUCTS_DIR; };
		29E01BBE2B8210E2003EDEB8 /* SwiftUI_weatherApp.swift */ = {isa = PBXFileReference; lastKnownFileType = sourcecode.swift; path = SwiftUI_weatherApp.swift; sourceTree = "<group>"; };
		29E01BC02B8210E2003EDEB8 /* ContentView.swift */ = {isa = PBXFileReference; lastKnownFileType = sourcecode.swift; path = ContentView.swift; sourceTree = "<group>"; };
		29E01BC22B8210E6003EDEB8 /* Assets.xcassets */ = {isa = PBXFileReference; lastKnownFileType = folder.assetcatalog; path = Assets.xcassets; sourceTree = "<group>"; };
		29E01BC52B8210E6003EDEB8 /* Preview Assets.xcassets */ = {isa = PBXFileReference; lastKnownFileType = folder.assetcatalog; path = "Preview Assets.xcassets"; sourceTree = "<group>"; };
		29E01BCB2B8210E6003EDEB8 /* SwiftUI-weatherTests.xctest */ = {isa = PBXFileReference; explicitFileType = wrapper.cfbundle; includeInIndex = 0; path = "SwiftUI-weatherTests.xctest"; sourceTree = BUILT_PRODUCTS_DIR; };
		29E01BCF2B8210E6003EDEB8 /* SwiftUI_weatherTests.swift */ = {isa = PBXFileReference; lastKnownFileType = sourcecode.swift; path = SwiftUI_weatherTests.swift; sourceTree = "<group>"; };
		29E01BD52B8210E6003EDEB8 /* SwiftUI-weatherUITests.xctest */ = {isa = PBXFileReference; explicitFileType = wrapper.cfbundle; includeInIndex = 0; path = "SwiftUI-weatherUITests.xctest"; sourceTree = BUILT_PRODUCTS_DIR; };
		29E01BD92B8210E6003EDEB8 /* SwiftUI_weatherUITests.swift */ = {isa = PBXFileReference; lastKnownFileType = sourcecode.swift; path = SwiftUI_weatherUITests.swift; sourceTree = "<group>"; };
		29E01BDB2B8210E6003EDEB8 /* SwiftUI_weatherUITestsLaunchTests.swift */ = {isa = PBXFileReference; lastKnownFileType = sourcecode.swift; path = SwiftUI_weatherUITestsLaunchTests.swift; sourceTree = "<group>"; };
/* End PBXFileReference section */

/* Begin PBXFrameworksBuildPhase section */
		29E01BB82B8210E2003EDEB8 /* Frameworks */ = {
			isa = PBXFrameworksBuildPhase;
			buildActionMask = 2147483647;
			files = (
			);
			runOnlyForDeploymentPostprocessing = 0;
		};
		29E01BC82B8210E6003EDEB8 /* Frameworks */ = {
			isa = PBXFrameworksBuildPhase;
			buildActionMask = 2147483647;
			files = (
			);
			runOnlyForDeploymentPostprocessing = 0;
		};
		29E01BD22B8210E6003EDEB8 /* Frameworks */ = {
			isa = PBXFrameworksBuildPhase;
			buildActionMask = 2147483647;
			files = (
			);
			runOnlyForDeploymentPostprocessing = 0;
		};
/* End PBXFrameworksBuildPhase section */

/* Begin PBXGroup section */
		29E01BB22B8210E1003EDEB8 = {
			isa = PBXGroup;
			children = (
				29E01BBD2B8210E2003EDEB8 /* SwiftUI-weather */,
				29E01BCE2B8210E6003EDEB8 /* SwiftUI-weatherTests */,
				29E01BD82B8210E6003EDEB8 /* SwiftUI-weatherUITests */,
				29E01BBC2B8210E2003EDEB8 /* Products */,
			);
			sourceTree = "<group>";
		};
		29E01BBC2B8210E2003EDEB8 /* Products */ = {
			isa = PBXGroup;
			children = (
				29E01BBB2B8210E2003EDEB8 /* SwiftUI-weather.app */,
				29E01BCB2B8210E6003EDEB8 /* SwiftUI-weatherTests.xctest */,
				29E01BD52B8210E6003EDEB8 /* SwiftUI-weatherUITests.xctest */,
			);
			name = Products;
			sourceTree = "<group>";
		};
		29E01BBD2B8210E2003EDEB8 /* SwiftUI-weather */ = {
			isa = PBXGroup;
			children = (
				29E01BBE2B8210E2003EDEB8 /* SwiftUI_weatherApp.swift */,
				29E01BC02B8210E2003EDEB8 /* ContentView.swift */,
				29E01BC22B8210E6003EDEB8 /* Assets.xcassets */,
				29E01BC42B8210E6003EDEB8 /* Preview Content */,
				2995D8A82B852E5D0081A242 /* WeatherButton.swift */,
			);
			path = "SwiftUI-weather";
			sourceTree = "<group>";
		};
		29E01BC42B8210E6003EDEB8 /* Preview Content */ = {
			isa = PBXGroup;
			children = (
				29E01BC52B8210E6003EDEB8 /* Preview Assets.xcassets */,
			);
			path = "Preview Content";
			sourceTree = "<group>";
		};
		29E01BCE2B8210E6003EDEB8 /* SwiftUI-weatherTests */ = {
			isa = PBXGroup;
			children = (
				29E01BCF2B8210E6003EDEB8 /* SwiftUI_weatherTests.swift */,
			);
			path = "SwiftUI-weatherTests";
			sourceTree = "<group>";
		};
		29E01BD82B8210E6003EDEB8 /* SwiftUI-weatherUITests */ = {
			isa = PBXGroup;
			children = (
				29E01BD92B8210E6003EDEB8 /* SwiftUI_weatherUITests.swift */,
				29E01BDB2B8210E6003EDEB8 /* SwiftUI_weatherUITestsLaunchTests.swift */,
			);
			path = "SwiftUI-weatherUITests";
			sourceTree = "<group>";
		};
/* End PBXGroup section */

/* Begin PBXNativeTarget section */
		29E01BBA2B8210E2003EDEB8 /* SwiftUI-weather */ = {
			isa = PBXNativeTarget;
			buildConfigurationList = 29E01BDF2B8210E6003EDEB8 /* Build configuration list for PBXNativeTarget "SwiftUI-weather" */;
			buildPhases = (
				29E01BB72B8210E2003EDEB8 /* Sources */,
				29E01BB82B8210E2003EDEB8 /* Frameworks */,
				29E01BB92B8210E2003EDEB8 /* Resources */,
			);
			buildRules = (
			);
			dependencies = (
			);
			name = "SwiftUI-weather";
			productName = "SwiftUI-weather";
			productReference = 29E01BBB2B8210E2003EDEB8 /* SwiftUI-weather.app */;
			productType = "com.apple.product-type.application";
		};
		29E01BCA2B8210E6003EDEB8 /* SwiftUI-weatherTests */ = {
			isa = PBXNativeTarget;
			buildConfigurationList = 29E01BE22B8210E6003EDEB8 /* Build configuration list for PBXNativeTarget "SwiftUI-weatherTests" */;
			buildPhases = (
				29E01BC72B8210E6003EDEB8 /* Sources */,
				29E01BC82B8210E6003EDEB8 /* Frameworks */,
				29E01BC92B8210E6003EDEB8 /* Resources */,
			);
			buildRules = (
			);
			dependencies = (
				29E01BCD2B8210E6003EDEB8 /* PBXTargetDependency */,
			);
			name = "SwiftUI-weatherTests";
			productName = "SwiftUI-weatherTests";
			productReference = 29E01BCB2B8210E6003EDEB8 /* SwiftUI-weatherTests.xctest */;
			productType = "com.apple.product-type.bundle.unit-test";
		};
		29E01BD42B8210E6003EDEB8 /* SwiftUI-weatherUITests */ = {
			isa = PBXNativeTarget;
			buildConfigurationList = 29E01BE52B8210E6003EDEB8 /* Build configuration list for PBXNativeTarget "SwiftUI-weatherUITests" */;
			buildPhases = (
				29E01BD12B8210E6003EDEB8 /* Sources */,
				29E01BD22B8210E6003EDEB8 /* Frameworks */,
				29E01BD32B8210E6003EDEB8 /* Resources */,
			);
			buildRules = (
			);
			dependencies = (
				29E01BD72B8210E6003EDEB8 /* PBXTargetDependency */,
			);
			name = "SwiftUI-weatherUITests";
			productName = "SwiftUI-weatherUITests";
			productReference = 29E01BD52B8210E6003EDEB8 /* SwiftUI-weatherUITests.xctest */;
			productType = "com.apple.product-type.bundle.ui-testing";
		};
/* End PBXNativeTarget section */

/* Begin PBXProject section */
		29E01BB32B8210E1003EDEB8 /* Project object */ = {
			isa = PBXProject;
			attributes = {
				BuildIndependentTargetsInParallel = 1;
				LastSwiftUpdateCheck = 1430;
				LastUpgradeCheck = 1430;
				TargetAttributes = {
					29E01BBA2B8210E2003EDEB8 = {
						CreatedOnToolsVersion = 14.3.1;
					};
					29E01BCA2B8210E6003EDEB8 = {
						CreatedOnToolsVersion = 14.3.1;
						TestTargetID = 29E01BBA2B8210E2003EDEB8;
					};
					29E01BD42B8210E6003EDEB8 = {
						CreatedOnToolsVersion = 14.3.1;
						TestTargetID = 29E01BBA2B8210E2003EDEB8;
					};
				};
			};
			buildConfigurationList = 29E01BB62B8210E2003EDEB8 /* Build configuration list for PBXProject "SwiftUI-weather" */;
			compatibilityVersion = "Xcode 14.0";
			developmentRegion = en;
			hasScannedForEncodings = 0;
			knownRegions = (
				en,
				Base,
			);
			mainGroup = 29E01BB22B8210E1003EDEB8;
			productRefGroup = 29E01BBC2B8210E2003EDEB8 /* Products */;
			projectDirPath = "";
			projectRoot = "";
			targets = (
				29E01BBA2B8210E2003EDEB8 /* SwiftUI-weather */,
				29E01BCA2B8210E6003EDEB8 /* SwiftUI-weatherTests */,
				29E01BD42B8210E6003EDEB8 /* SwiftUI-weatherUITests */,
			);
		};
/* End PBXProject section */

/* Begin PBXResourcesBuildPhase section */
		29E01BB92B8210E2003EDEB8 /* Resources */ = {
			isa = PBXResourcesBuildPhase;
			buildActionMask = 2147483647;
			files = (
				29E01BC62B8210E6003EDEB8 /* Preview Assets.xcassets in Resources */,
				29E01BC32B8210E6003EDEB8 /* Assets.xcassets in Resources */,
			);
			runOnlyForDeploymentPostprocessing = 0;
		};
		29E01BC92B8210E6003EDEB8 /* Resources */ = {
			isa = PBXResourcesBuildPhase;
			buildActionMask = 2147483647;
			files = (
			);
			runOnlyForDeploymentPostprocessing = 0;
		};
		29E01BD32B8210E6003EDEB8 /* Resources */ = {
			isa = PBXResourcesBuildPhase;
			buildActionMask = 2147483647;
			files = (
			);
			runOnlyForDeploymentPostprocessing = 0;
		};
/* End PBXResourcesBuildPhase section */

/* Begin PBXSourcesBuildPhase section */
		29E01BB72B8210E2003EDEB8 /* Sources */ = {
			isa = PBXSourcesBuildPhase;
			buildActionMask = 2147483647;
			files = (
				29E01BC12B8210E2003EDEB8 /* ContentView.swift in Sources */,
				29E01BBF2B8210E2003EDEB8 /* SwiftUI_weatherApp.swift in Sources */,
				2995D8A92B852E5D0081A242 /* WeatherButton.swift in Sources */,
			);
			runOnlyForDeploymentPostprocessing = 0;
		};
		29E01BC72B8210E6003EDEB8 /* Sources */ = {
			isa = PBXSourcesBuildPhase;
			buildActionMask = 2147483647;
			files = (
				29E01BD02B8210E6003EDEB8 /* SwiftUI_weatherTests.swift in Sources */,
			);
			runOnlyForDeploymentPostprocessing = 0;
		};
		29E01BD12B8210E6003EDEB8 /* Sources */ = {
			isa = PBXSourcesBuildPhase;
			buildActionMask = 2147483647;
			files = (
				29E01BDA2B8210E6003EDEB8 /* SwiftUI_weatherUITests.swift in Sources */,
				29E01BDC2B8210E6003EDEB8 /* SwiftUI_weatherUITestsLaunchTests.swift in Sources */,
			);
			runOnlyForDeploymentPostprocessing = 0;
		};
/* End PBXSourcesBuildPhase section */

/* Begin PBXTargetDependency section */
		29E01BCD2B8210E6003EDEB8 /* PBXTargetDependency */ = {
			isa = PBXTargetDependency;
			target = 29E01BBA2B8210E2003EDEB8 /* SwiftUI-weather */;
			targetProxy = 29E01BCC2B8210E6003EDEB8 /* PBXContainerItemProxy */;
		};
		29E01BD72B8210E6003EDEB8 /* PBXTargetDependency */ = {
			isa = PBXTargetDependency;
			target = 29E01BBA2B8210E2003EDEB8 /* SwiftUI-weather */;
			targetProxy = 29E01BD62B8210E6003EDEB8 /* PBXContainerItemProxy */;
		};
/* End PBXTargetDependency section */

/* Begin XCBuildConfiguration section */
		29E01BDD2B8210E6003EDEB8 /* Debug */ = {
			isa = XCBuildConfiguration;
			buildSettings = {
				ALWAYS_SEARCH_USER_PATHS = NO;
				CLANG_ANALYZER_NONNULL = YES;
				CLANG_ANALYZER_NUMBER_OBJECT_CONVERSION = YES_AGGRESSIVE;
				CLANG_CXX_LANGUAGE_STANDARD = "gnu++20";
				CLANG_ENABLE_MODULES = YES;
				CLANG_ENABLE_OBJC_ARC = YES;
				CLANG_ENABLE_OBJC_WEAK = YES;
				CLANG_WARN_BLOCK_CAPTURE_AUTORELEASING = YES;
				CLANG_WARN_BOOL_CONVERSION = YES;
				CLANG_WARN_COMMA = YES;
				CLANG_WARN_CONSTANT_CONVERSION = YES;
				CLANG_WARN_DEPRECATED_OBJC_IMPLEMENTATIONS = YES;
				CLANG_WARN_DIRECT_OBJC_ISA_USAGE = YES_ERROR;
				CLANG_WARN_DOCUMENTATION_COMMENTS = YES;
				CLANG_WARN_EMPTY_BODY = YES;
				CLANG_WARN_ENUM_CONVERSION = YES;
				CLANG_WARN_INFINITE_RECURSION = YES;
				CLANG_WARN_INT_CONVERSION = YES;
				CLANG_WARN_NON_LITERAL_NULL_CONVERSION = YES;
				CLANG_WARN_OBJC_IMPLICIT_RETAIN_SELF = YES;
				CLANG_WARN_OBJC_LITERAL_CONVERSION = YES;
				CLANG_WARN_OBJC_ROOT_CLASS = YES_ERROR;
				CLANG_WARN_QUOTED_INCLUDE_IN_FRAMEWORK_HEADER = YES;
				CLANG_WARN_RANGE_LOOP_ANALYSIS = YES;
				CLANG_WARN_STRICT_PROTOTYPES = YES;
				CLANG_WARN_SUSPICIOUS_MOVE = YES;
				CLANG_WARN_UNGUARDED_AVAILABILITY = YES_AGGRESSIVE;
				CLANG_WARN_UNREACHABLE_CODE = YES;
				CLANG_WARN__DUPLICATE_METHOD_MATCH = YES;
				COPY_PHASE_STRIP = NO;
				DEBUG_INFORMATION_FORMAT = dwarf;
				ENABLE_STRICT_OBJC_MSGSEND = YES;
				ENABLE_TESTABILITY = YES;
				GCC_C_LANGUAGE_STANDARD = gnu11;
				GCC_DYNAMIC_NO_PIC = NO;
				GCC_NO_COMMON_BLOCKS = YES;
				GCC_OPTIMIZATION_LEVEL = 0;
				GCC_PREPROCESSOR_DEFINITIONS = (
					"DEBUG=1",
					"$(inherited)",
				);
				GCC_WARN_64_TO_32_BIT_CONVERSION = YES;
				GCC_WARN_ABOUT_RETURN_TYPE = YES_ERROR;
				GCC_WARN_UNDECLARED_SELECTOR = YES;
				GCC_WARN_UNINITIALIZED_AUTOS = YES_AGGRESSIVE;
				GCC_WARN_UNUSED_FUNCTION = YES;
				GCC_WARN_UNUSED_VARIABLE = YES;
				IPHONEOS_DEPLOYMENT_TARGET = 16.4;
				MTL_ENABLE_DEBUG_INFO = INCLUDE_SOURCE;
				MTL_FAST_MATH = YES;
				ONLY_ACTIVE_ARCH = YES;
				SDKROOT = iphoneos;
				SWIFT_ACTIVE_COMPILATION_CONDITIONS = DEBUG;
				SWIFT_OPTIMIZATION_LEVEL = "-Onone";
			};
			name = Debug;
		};
		29E01BDE2B8210E6003EDEB8 /* Release */ = {
			isa = XCBuildConfiguration;
			buildSettings = {
				ALWAYS_SEARCH_USER_PATHS = NO;
				CLANG_ANALYZER_NONNULL = YES;
				CLANG_ANALYZER_NUMBER_OBJECT_CONVERSION = YES_AGGRESSIVE;
				CLANG_CXX_LANGUAGE_STANDARD = "gnu++20";
				CLANG_ENABLE_MODULES = YES;
				CLANG_ENABLE_OBJC_ARC = YES;
				CLANG_ENABLE_OBJC_WEAK = YES;
				CLANG_WARN_BLOCK_CAPTURE_AUTORELEASING = YES;
				CLANG_WARN_BOOL_CONVERSION = YES;
				CLANG_WARN_COMMA = YES;
				CLANG_WARN_CONSTANT_CONVERSION = YES;
				CLANG_WARN_DEPRECATED_OBJC_IMPLEMENTATIONS = YES;
				CLANG_WARN_DIRECT_OBJC_ISA_USAGE = YES_ERROR;
				CLANG_WARN_DOCUMENTATION_COMMENTS = YES;
				CLANG_WARN_EMPTY_BODY = YES;
				CLANG_WARN_ENUM_CONVERSION = YES;
				CLANG_WARN_INFINITE_RECURSION = YES;
				CLANG_WARN_INT_CONVERSION = YES;
				CLANG_WARN_NON_LITERAL_NULL_CONVERSION = YES;
				CLANG_WARN_OBJC_IMPLICIT_RETAIN_SELF = YES;
				CLANG_WARN_OBJC_LITERAL_CONVERSION = YES;
				CLANG_WARN_OBJC_ROOT_CLASS = YES_ERROR;
				CLANG_WARN_QUOTED_INCLUDE_IN_FRAMEWORK_HEADER = YES;
				CLANG_WARN_RANGE_LOOP_ANALYSIS = YES;
				CLANG_WARN_STRICT_PROTOTYPES = YES;
				CLANG_WARN_SUSPICIOUS_MOVE = YES;
				CLANG_WARN_UNGUARDED_AVAILABILITY = YES_AGGRESSIVE;
				CLANG_WARN_UNREACHABLE_CODE = YES;
				CLANG_WARN__DUPLICATE_METHOD_MATCH = YES;
				COPY_PHASE_STRIP = NO;
				DEBUG_INFORMATION_FORMAT = "dwarf-with-dsym";
				ENABLE_NS_ASSERTIONS = NO;
				ENABLE_STRICT_OBJC_MSGSEND = YES;
				GCC_C_LANGUAGE_STANDARD = gnu11;
				GCC_NO_COMMON_BLOCKS = YES;
				GCC_WARN_64_TO_32_BIT_CONVERSION = YES;
				GCC_WARN_ABOUT_RETURN_TYPE = YES_ERROR;
				GCC_WARN_UNDECLARED_SELECTOR = YES;
				GCC_WARN_UNINITIALIZED_AUTOS = YES_AGGRESSIVE;
				GCC_WARN_UNUSED_FUNCTION = YES;
				GCC_WARN_UNUSED_VARIABLE = YES;
				IPHONEOS_DEPLOYMENT_TARGET = 16.4;
				MTL_ENABLE_DEBUG_INFO = NO;
				MTL_FAST_MATH = YES;
				SDKROOT = iphoneos;
				SWIFT_COMPILATION_MODE = wholemodule;
				SWIFT_OPTIMIZATION_LEVEL = "-O";
				VALIDATE_PRODUCT = YES;
			};
			name = Release;
		};
		29E01BE02B8210E6003EDEB8 /* Debug */ = {
			isa = XCBuildConfiguration;
			buildSettings = {
				ASSETCATALOG_COMPILER_APPICON_NAME = AppIcon;
				ASSETCATALOG_COMPILER_GLOBAL_ACCENT_COLOR_NAME = AccentColor;
				CODE_SIGN_STYLE = Automatic;
				CURRENT_PROJECT_VERSION = 1;
				DEVELOPMENT_ASSET_PATHS = "\"SwiftUI-weather/Preview Content\"";
				ENABLE_PREVIEWS = YES;
				GENERATE_INFOPLIST_FILE = YES;
				INFOPLIST_KEY_UIApplicationSceneManifest_Generation = YES;
				INFOPLIST_KEY_UIApplicationSupportsIndirectInputEvents = YES;
				INFOPLIST_KEY_UILaunchScreen_Generation = YES;
				INFOPLIST_KEY_UISupportedInterfaceOrientations_iPad = "UIInterfaceOrientationPortrait UIInterfaceOrientationPortraitUpsideDown UIInterfaceOrientationLandscapeLeft UIInterfaceOrientationLandscapeRight";
				INFOPLIST_KEY_UISupportedInterfaceOrientations_iPhone = "UIInterfaceOrientationPortrait UIInterfaceOrientationLandscapeLeft UIInterfaceOrientationLandscapeRight";
				LD_RUNPATH_SEARCH_PATHS = (
					"$(inherited)",
					"@executable_path/Frameworks",
				);
				MARKETING_VERSION = 1.0;
				PRODUCT_BUNDLE_IDENTIFIER = "mehadi.SwiftUI-weather";
				PRODUCT_NAME = "$(TARGET_NAME)";
				SWIFT_EMIT_LOC_STRINGS = YES;
				SWIFT_VERSION = 5.0;
				TARGETED_DEVICE_FAMILY = "1,2";
			};
			name = Debug;
		};
		29E01BE12B8210E6003EDEB8 /* Release */ = {
			isa = XCBuildConfiguration;
			buildSettings = {
				ASSETCATALOG_COMPILER_APPICON_NAME = AppIcon;
				ASSETCATALOG_COMPILER_GLOBAL_ACCENT_COLOR_NAME = AccentColor;
				CODE_SIGN_STYLE = Automatic;
				CURRENT_PROJECT_VERSION = 1;
				DEVELOPMENT_ASSET_PATHS = "\"SwiftUI-weather/Preview Content\"";
				ENABLE_PREVIEWS = YES;
				GENERATE_INFOPLIST_FILE = YES;
				INFOPLIST_KEY_UIApplicationSceneManifest_Generation = YES;
				INFOPLIST_KEY_UIApplicationSupportsIndirectInputEvents = YES;
				INFOPLIST_KEY_UILaunchScreen_Generation = YES;
				INFOPLIST_KEY_UISupportedInterfaceOrientations_iPad = "UIInterfaceOrientationPortrait UIInterfaceOrientationPortraitUpsideDown UIInterfaceOrientationLandscapeLeft UIInterfaceOrientationLandscapeRight";
				INFOPLIST_KEY_UISupportedInterfaceOrientations_iPhone = "UIInterfaceOrientationPortrait UIInterfaceOrientationLandscapeLeft UIInterfaceOrientationLandscapeRight";
				LD_RUNPATH_SEARCH_PATHS = (
					"$(inherited)",
					"@executable_path/Frameworks",
				);
				MARKETING_VERSION = 1.0;
				PRODUCT_BUNDLE_IDENTIFIER = "mehadi.SwiftUI-weather";
				PRODUCT_NAME = "$(TARGET_NAME)";
				SWIFT_EMIT_LOC_STRINGS = YES;
				SWIFT_VERSION = 5.0;
				TARGETED_DEVICE_FAMILY = "1,2";
			};
			name = Release;
		};
		29E01BE32B8210E6003EDEB8 /* Debug */ = {
			isa = XCBuildConfiguration;
			buildSettings = {
				ALWAYS_EMBED_SWIFT_STANDARD_LIBRARIES = YES;
				BUNDLE_LOADER = "$(TEST_HOST)";
				CODE_SIGN_STYLE = Automatic;
				CURRENT_PROJECT_VERSION = 1;
				GENERATE_INFOPLIST_FILE = YES;
				IPHONEOS_DEPLOYMENT_TARGET = 16.4;
				MARKETING_VERSION = 1.0;
				PRODUCT_BUNDLE_IDENTIFIER = "mehadi.SwiftUI-weatherTests";
				PRODUCT_NAME = "$(TARGET_NAME)";
				SWIFT_EMIT_LOC_STRINGS = NO;
				SWIFT_VERSION = 5.0;
				TARGETED_DEVICE_FAMILY = "1,2";
				TEST_HOST = "$(BUILT_PRODUCTS_DIR)/SwiftUI-weather.app/$(BUNDLE_EXECUTABLE_FOLDER_PATH)/SwiftUI-weather";
			};
			name = Debug;
		};
		29E01BE42B8210E6003EDEB8 /* Release */ = {
			isa = XCBuildConfiguration;
			buildSettings = {
				ALWAYS_EMBED_SWIFT_STANDARD_LIBRARIES = YES;
				BUNDLE_LOADER = "$(TEST_HOST)";
				CODE_SIGN_STYLE = Automatic;
				CURRENT_PROJECT_VERSION = 1;
				GENERATE_INFOPLIST_FILE = YES;
				IPHONEOS_DEPLOYMENT_TARGET = 16.4;
				MARKETING_VERSION = 1.0;
				PRODUCT_BUNDLE_IDENTIFIER = "mehadi.SwiftUI-weatherTests";
				PRODUCT_NAME = "$(TARGET_NAME)";
				SWIFT_EMIT_LOC_STRINGS = NO;
				SWIFT_VERSION = 5.0;
				TARGETED_DEVICE_FAMILY = "1,2";
				TEST_HOST = "$(BUILT_PRODUCTS_DIR)/SwiftUI-weather.app/$(BUNDLE_EXECUTABLE_FOLDER_PATH)/SwiftUI-weather";
			};
			name = Release;
		};
		29E01BE62B8210E6003EDEB8 /* Debug */ = {
			isa = XCBuildConfiguration;
			buildSettings = {
				ALWAYS_EMBED_SWIFT_STANDARD_LIBRARIES = YES;
				CODE_SIGN_STYLE = Automatic;
				CURRENT_PROJECT_VERSION = 1;
				GENERATE_INFOPLIST_FILE = YES;
				MARKETING_VERSION = 1.0;
				PRODUCT_BUNDLE_IDENTIFIER = "mehadi.SwiftUI-weatherUITests";
				PRODUCT_NAME = "$(TARGET_NAME)";
				SWIFT_EMIT_LOC_STRINGS = NO;
				SWIFT_VERSION = 5.0;
				TARGETED_DEVICE_FAMILY = "1,2";
				TEST_TARGET_NAME = "SwiftUI-weather";
			};
			name = Debug;
		};
		29E01BE72B8210E6003EDEB8 /* Release */ = {
			isa = XCBuildConfiguration;
			buildSettings = {
				ALWAYS_EMBED_SWIFT_STANDARD_LIBRARIES = YES;
				CODE_SIGN_STYLE = Automatic;
				CURRENT_PROJECT_VERSION = 1;
				GENERATE_INFOPLIST_FILE = YES;
				MARKETING_VERSION = 1.0;
				PRODUCT_BUNDLE_IDENTIFIER = "mehadi.SwiftUI-weatherUITests";
				PRODUCT_NAME = "$(TARGET_NAME)";
				SWIFT_EMIT_LOC_STRINGS = NO;
				SWIFT_VERSION = 5.0;
				TARGETED_DEVICE_FAMILY = "1,2";
				TEST_TARGET_NAME = "SwiftUI-weather";
			};
			name = Release;
		};
/* End XCBuildConfiguration section */

/* Begin XCConfigurationList section */
		29E01BB62B8210E2003EDEB8 /* Build configuration list for PBXProject "SwiftUI-weather" */ = {
			isa = XCConfigurationList;
			buildConfigurations = (
				29E01BDD2B8210E6003EDEB8 /* Debug */,
				29E01BDE2B8210E6003EDEB8 /* Release */,
			);
			defaultConfigurationIsVisible = 0;
			defaultConfigurationName = Release;
		};
		29E01BDF2B8210E6003EDEB8 /* Build configuration list for PBXNativeTarget "SwiftUI-weather" */ = {
			isa = XCConfigurationList;
			buildConfigurations = (
				29E01BE02B8210E6003EDEB8 /* Debug */,
				29E01BE12B8210E6003EDEB8 /* Release */,
			);
			defaultConfigurationIsVisible = 0;
			defaultConfigurationName = Release;
		};
		29E01BE22B8210E6003EDEB8 /* Build configuration list for PBXNativeTarget "SwiftUI-weatherTests" */ = {
			isa = XCConfigurationList;
			buildConfigurations = (
				29E01BE32B8210E6003EDEB8 /* Debug */,
				29E01BE42B8210E6003EDEB8 /* Release */,
			);
			defaultConfigurationIsVisible = 0;
			defaultConfigurationName = Release;
		};
		29E01BE52B8210E6003EDEB8 /* Build configuration list for PBXNativeTarget "SwiftUI-weatherUITests" */ = {
			isa = XCConfigurationList;
			buildConfigurations = (
				29E01BE62B8210E6003EDEB8 /* Debug */,
				29E01BE72B8210E6003EDEB8 /* Release */,
			);
			defaultConfigurationIsVisible = 0;
			defaultConfigurationName = Release;
		};
/* End XCConfigurationList section */
	};
	rootObject = 29E01BB32B8210E1003EDEB8 /* Project object */;
}
